
Microsoft Visual Studio Solution File, Format Version 12.00
# Visual Studio 15
VisualStudioVersion = 15.0.28010.2036
MinimumVisualStudioVersion = 10.0.40219.1
Project("{9A19103F-16F7-4668-BE54-9A1E7A4F7556}") = "P01_HospitalDatabase", "P01_HospitalDatabase\P01_HospitalDatabase.csproj", "{B5D2EE4B-1A64-4DC6-B890-99EB2D020425}"
EndProject
Project("{FAE04EC0-301F-11D3-BF4B-00C04F79EFBC}") = "P03_SalesDatabase", "SalesDatabase\P03_SalesDatabase.csproj", "{8C23F8EC-0804-4781-9E1A-3AD425C96761}"
EndProject
Global
	GlobalSection(SolutionConfigurationPlatforms) = preSolution
		Debug|Any CPU = Debug|Any CPU
		Release|Any CPU = Release|Any CPU
	EndGlobalSection
	GlobalSection(ProjectConfigurationPlatforms) = postSolution
		{B5D2EE4B-1A64-4DC6-B890-99EB2D020425}.Debug|Any CPU.ActiveCfg = Debug|Any CPU
		{B5D2EE4B-1A64-4DC6-B890-99EB2D020425}.Debug|Any CPU.Build.0 = Debug|Any CPU
		{B5D2EE4B-1A64-4DC6-B890-99EB2D020425}.Release|Any CPU.ActiveCfg = Release|Any CPU
		{B5D2EE4B-1A64-4DC6-B890-99EB2D020425}.Release|Any CPU.Build.0 = Release|Any CPU
		{8C23F8EC-0804-4781-9E1A-3AD425C96761}.Debug|Any CPU.ActiveCfg = Debug|Any CPU
		{8C23F8EC-0804-4781-9E1A-3AD425C96761}.Debug|Any CPU.Build.0 = Debug|Any CPU
		{8C23F8EC-0804-4781-9E1A-3AD425C96761}.Release|Any CPU.ActiveCfg = Release|Any CPU
		{8C23F8EC-0804-4781-9E1A-3AD425C96761}.Release|Any CPU.Build.0 = Release|Any CPU
	EndGlobalSection
	GlobalSection(SolutionProperties) = preSolution
		HideSolutionNode = FALSE
	EndGlobalSection
	GlobalSection(ExtensibilityGlobals) = postSolution
		SolutionGuid = {EE4A6E10-771D-47F4-9ADF-04BD824F36EE}
	EndGlobalSection
EndGlobal
