
Microsoft Visual Studio Solution File, Format Version 12.00
# Visual Studio 15
VisualStudioVersion = 15.0.28010.2036
MinimumVisualStudioVersion = 10.0.40219.1
Project("{9A19103F-16F7-4668-BE54-9A1E7A4F7556}") = "P01_StudentSystem", "P01_StudentSystem\P01_StudentSystem.csproj", "{7737B038-F033-4A3C-87AA-9FA3DEA84D2B}"
EndProject
Project("{FAE04EC0-301F-11D3-BF4B-00C04F79EFBC}") = "P03_FootballBetting", "P03_FootballBetting\P03_FootballBetting.csproj", "{E5C34D3B-45CC-4FE3-B6AD-25761DAA5567}"
EndProject
Global
	GlobalSection(SolutionConfigurationPlatforms) = preSolution
		Debug|Any CPU = Debug|Any CPU
		Release|Any CPU = Release|Any CPU
	EndGlobalSection
	GlobalSection(ProjectConfigurationPlatforms) = postSolution
		{7737B038-F033-4A3C-87AA-9FA3DEA84D2B}.Debug|Any CPU.ActiveCfg = Debug|Any CPU
		{7737B038-F033-4A3C-87AA-9FA3DEA84D2B}.Debug|Any CPU.Build.0 = Debug|Any CPU
		{7737B038-F033-4A3C-87AA-9FA3DEA84D2B}.Release|Any CPU.ActiveCfg = Release|Any CPU
		{7737B038-F033-4A3C-87AA-9FA3DEA84D2B}.Release|Any CPU.Build.0 = Release|Any CPU
		{E5C34D3B-45CC-4FE3-B6AD-25761DAA5567}.Debug|Any CPU.ActiveCfg = Debug|Any CPU
		{E5C34D3B-45CC-4FE3-B6AD-25761DAA5567}.Debug|Any CPU.Build.0 = Debug|Any CPU
		{E5C34D3B-45CC-4FE3-B6AD-25761DAA5567}.Release|Any CPU.ActiveCfg = Release|Any CPU
		{E5C34D3B-45CC-4FE3-B6AD-25761DAA5567}.Release|Any CPU.Build.0 = Release|Any CPU
	EndGlobalSection
	GlobalSection(SolutionProperties) = preSolution
		HideSolutionNode = FALSE
	EndGlobalSection
	GlobalSection(ExtensibilityGlobals) = postSolution
		SolutionGuid = {F80C6B67-8050-4C34-AAB7-EA659E2D290E}
	EndGlobalSection
EndGlobal
